
Microsoft Visual Studio Solution File, Format Version 12.00
# Visual Studio 15
Project("{FAE04EC0-301F-11D3-BF4B-00C04F79EFBC}") = "Assembly-CSharp-Editor", "Assembly-CSharp-Editor.csproj", "{FC557E7A-523A-9A2A-0738-DDA3A71E882D}"
EndProject
Project("{FAE04EC0-301F-11D3-BF4B-00C04F79EFBC}") = "Assembly-CSharp", "Assembly-CSharp.csproj", "{C8B35FC4-5195-38E5-BADA-694EE644C2C0}"
EndProject
Global
	GlobalSection(SolutionConfigurationPlatforms) = preSolution
		Debug|Any CPU = Debug|Any CPU
		Release|Any CPU = Release|Any CPU
	EndGlobalSection
	GlobalSection(ProjectConfigurationPlatforms) = postSolution
		{FC557E7A-523A-9A2A-0738-DDA3A71E882D}.Debug|Any CPU.ActiveCfg = Debug|Any CPU
		{FC557E7A-523A-9A2A-0738-DDA3A71E882D}.Debug|Any CPU.Build.0 = Debug|Any CPU
		{FC557E7A-523A-9A2A-0738-DDA3A71E882D}.Release|Any CPU.ActiveCfg = Release|Any CPU
		{FC557E7A-523A-9A2A-0738-DDA3A71E882D}.Release|Any CPU.Build.0 = Release|Any CPU
		{C8B35FC4-5195-38E5-BADA-694EE644C2C0}.Debug|Any CPU.ActiveCfg = Debug|Any CPU
		{C8B35FC4-5195-38E5-BADA-694EE644C2C0}.Debug|Any CPU.Build.0 = Debug|Any CPU
		{C8B35FC4-5195-38E5-BADA-694EE644C2C0}.Release|Any CPU.ActiveCfg = Release|Any CPU
		{C8B35FC4-5195-38E5-BADA-694EE644C2C0}.Release|Any CPU.Build.0 = Release|Any CPU
	EndGlobalSection
	GlobalSection(SolutionProperties) = preSolution
		HideSolutionNode = FALSE
	EndGlobalSection
EndGlobal
